{
  "requires": true,
  "lockfileVersion": 1,
  "dependencies": {
    "echarts": {
      "version": "4.6.0",
      "resolved": "https://registry.npmjs.org/echarts/-/echarts-4.6.0.tgz",
      "integrity": "sha512-xKkcr6v9UVOSF+PMuj7Ngt3bnzLwN1sSXWCvpvX+jYb3mePYsZnABq7wGkPac/m0nV653uGHXoHK8DCKCprdNg==",
      "requires": {
        "zrender": "4.2.0"
      }
    },
    "jquery": {
      "version": "3.4.1",
      "resolved": "https://registry.npmjs.org/jquery/-/jquery-3.4.1.tgz",
      "integrity": "sha512-36+AdBzCL+y6qjw5Tx7HgzeGCzC81MDDgaUP8ld2zhx58HdqXGoBd+tHdrBMiyjGQs0Hxs/MLZTu/eHNJJuWPw=="
    },
    "zrender": {
      "version": "4.2.0",
      "resolved": "https://registry.npmjs.org/zrender/-/zrender-4.2.0.tgz",
      "integrity": "sha512-YJ9hxt5uFincYYU3KK31+Ce+B6PJmYYK0Q9fQ6jOUAoC/VHbe4kCKAPkxKeT7jGTxrK5wYu18R0TLGqj2zbEOA=="
    }
  }
}
